
Microsoft Visual Studio Solution File, Format Version 12.00
# Visual Studio 14
VisualStudioVersion = 14.0.23107.0
MinimumVisualStudioVersion = 10.0.40219.1
Project("{FAE04EC0-301F-11D3-BF4B-00C04F79EFBC}") = "GlobalHotkeys", "GlobalHotkeys\GlobalHotkeys.csproj", "{4E8203F1-3ECA-4845-A945-85AB31FAF59B}"
EndProject
Project("{FAE04EC0-301F-11D3-BF4B-00C04F79EFBC}") = "VolumeControlUtility", "VolumeControlUtility\VolumeControlUtility.csproj", "{EE8A843B-060D-4FDA-9967-B1D2DD623787}"
EndProject
Global
	GlobalSection(SolutionConfigurationPlatforms) = preSolution
		Debug|Any CPU = Debug|Any CPU
		Release|Any CPU = Release|Any CPU
	EndGlobalSection
	GlobalSection(ProjectConfigurationPlatforms) = postSolution
		{4E8203F1-3ECA-4845-A945-85AB31FAF59B}.Debug|Any CPU.ActiveCfg = Debug|Any CPU
		{4E8203F1-3ECA-4845-A945-85AB31FAF59B}.Debug|Any CPU.Build.0 = Debug|Any CPU
		{4E8203F1-3ECA-4845-A945-85AB31FAF59B}.Release|Any CPU.ActiveCfg = Release|Any CPU
		{4E8203F1-3ECA-4845-A945-85AB31FAF59B}.Release|Any CPU.Build.0 = Release|Any CPU
		{EE8A843B-060D-4FDA-9967-B1D2DD623787}.Debug|Any CPU.ActiveCfg = Debug|Any CPU
		{EE8A843B-060D-4FDA-9967-B1D2DD623787}.Debug|Any CPU.Build.0 = Debug|Any CPU
		{EE8A843B-060D-4FDA-9967-B1D2DD623787}.Release|Any CPU.ActiveCfg = Release|Any CPU
		{EE8A843B-060D-4FDA-9967-B1D2DD623787}.Release|Any CPU.Build.0 = Release|Any CPU
	EndGlobalSection
	GlobalSection(SolutionProperties) = preSolution
		HideSolutionNode = FALSE
	EndGlobalSection
EndGlobal
