
Microsoft Visual Studio Solution File, Format Version 12.00
# Visual Studio Version 16
VisualStudioVersion = 16.0.29025.244
MinimumVisualStudioVersion = 10.0.40219.1
Project("{9A19103F-16F7-4668-BE54-9A1E7A4F7556}") = "GlobalHotkeys", "GlobalHotkeys\GlobalHotkeys.csproj", "{4E8203F1-3ECA-4845-A945-85AB31FAF59B}"
EndProject
Project("{9A19103F-16F7-4668-BE54-9A1E7A4F7556}") = "VolumeControlUtility", "VolumeControlUtility\VolumeControlUtility.csproj", "{EE8A843B-060D-4FDA-9967-B1D2DD623787}"
EndProject
Project("{9A19103F-16F7-4668-BE54-9A1E7A4F7556}") = "VolumeControlUtilityService", "VolumeControlUtilityService\VolumeControlUtilityService.csproj", "{4A3DA964-47DF-4A6E-ABCB-1B4F6692E4DA}"
EndProject
Global
	GlobalSection(SolutionConfigurationPlatforms) = preSolution
		Debug|Any CPU = Debug|Any CPU
		Debug|Default = Debug|Default
		Debug|x86 = Debug|x86
		Release|Any CPU = Release|Any CPU
		Release|Default = Release|Default
		Release|x86 = Release|x86
	EndGlobalSection
	GlobalSection(ProjectConfigurationPlatforms) = postSolution
		{4E8203F1-3ECA-4845-A945-85AB31FAF59B}.Debug|Any CPU.ActiveCfg = Debug|Any CPU
		{4E8203F1-3ECA-4845-A945-85AB31FAF59B}.Debug|Any CPU.Build.0 = Debug|Any CPU
		{4E8203F1-3ECA-4845-A945-85AB31FAF59B}.Debug|Default.ActiveCfg = Debug|Any CPU
		{4E8203F1-3ECA-4845-A945-85AB31FAF59B}.Debug|Default.Build.0 = Debug|Any CPU
		{4E8203F1-3ECA-4845-A945-85AB31FAF59B}.Debug|x86.ActiveCfg = Debug|Any CPU
		{4E8203F1-3ECA-4845-A945-85AB31FAF59B}.Debug|x86.Build.0 = Debug|Any CPU
		{4E8203F1-3ECA-4845-A945-85AB31FAF59B}.Release|Any CPU.ActiveCfg = Release|Any CPU
		{4E8203F1-3ECA-4845-A945-85AB31FAF59B}.Release|Any CPU.Build.0 = Release|Any CPU
		{4E8203F1-3ECA-4845-A945-85AB31FAF59B}.Release|Default.ActiveCfg = Release|Any CPU
		{4E8203F1-3ECA-4845-A945-85AB31FAF59B}.Release|Default.Build.0 = Release|Any CPU
		{4E8203F1-3ECA-4845-A945-85AB31FAF59B}.Release|x86.ActiveCfg = Release|Any CPU
		{4E8203F1-3ECA-4845-A945-85AB31FAF59B}.Release|x86.Build.0 = Release|Any CPU
		{EE8A843B-060D-4FDA-9967-B1D2DD623787}.Debug|Any CPU.ActiveCfg = Debug|Any CPU
		{EE8A843B-060D-4FDA-9967-B1D2DD623787}.Debug|Any CPU.Build.0 = Debug|Any CPU
		{EE8A843B-060D-4FDA-9967-B1D2DD623787}.Debug|Default.ActiveCfg = Debug|Any CPU
		{EE8A843B-060D-4FDA-9967-B1D2DD623787}.Debug|Default.Build.0 = Debug|Any CPU
		{EE8A843B-060D-4FDA-9967-B1D2DD623787}.Debug|x86.ActiveCfg = Debug|Any CPU
		{EE8A843B-060D-4FDA-9967-B1D2DD623787}.Debug|x86.Build.0 = Debug|Any CPU
		{EE8A843B-060D-4FDA-9967-B1D2DD623787}.Release|Any CPU.ActiveCfg = Release|Any CPU
		{EE8A843B-060D-4FDA-9967-B1D2DD623787}.Release|Any CPU.Build.0 = Release|Any CPU
		{EE8A843B-060D-4FDA-9967-B1D2DD623787}.Release|Default.ActiveCfg = Release|Any CPU
		{EE8A843B-060D-4FDA-9967-B1D2DD623787}.Release|Default.Build.0 = Release|Any CPU
		{EE8A843B-060D-4FDA-9967-B1D2DD623787}.Release|x86.ActiveCfg = Release|Any CPU
		{EE8A843B-060D-4FDA-9967-B1D2DD623787}.Release|x86.Build.0 = Release|Any CPU
		{4A3DA964-47DF-4A6E-ABCB-1B4F6692E4DA}.Debug|Any CPU.ActiveCfg = Debug|Any CPU
		{4A3DA964-47DF-4A6E-ABCB-1B4F6692E4DA}.Debug|Any CPU.Build.0 = Debug|Any CPU
		{4A3DA964-47DF-4A6E-ABCB-1B4F6692E4DA}.Debug|Default.ActiveCfg = Debug|Any CPU
		{4A3DA964-47DF-4A6E-ABCB-1B4F6692E4DA}.Debug|Default.Build.0 = Debug|Any CPU
		{4A3DA964-47DF-4A6E-ABCB-1B4F6692E4DA}.Debug|x86.ActiveCfg = Debug|Any CPU
		{4A3DA964-47DF-4A6E-ABCB-1B4F6692E4DA}.Debug|x86.Build.0 = Debug|Any CPU
		{4A3DA964-47DF-4A6E-ABCB-1B4F6692E4DA}.Release|Any CPU.ActiveCfg = Release|Any CPU
		{4A3DA964-47DF-4A6E-ABCB-1B4F6692E4DA}.Release|Any CPU.Build.0 = Release|Any CPU
		{4A3DA964-47DF-4A6E-ABCB-1B4F6692E4DA}.Release|Default.ActiveCfg = Release|Any CPU
		{4A3DA964-47DF-4A6E-ABCB-1B4F6692E4DA}.Release|Default.Build.0 = Release|Any CPU
		{4A3DA964-47DF-4A6E-ABCB-1B4F6692E4DA}.Release|x86.ActiveCfg = Release|Any CPU
		{4A3DA964-47DF-4A6E-ABCB-1B4F6692E4DA}.Release|x86.Build.0 = Release|Any CPU
	EndGlobalSection
	GlobalSection(SolutionProperties) = preSolution
		HideSolutionNode = FALSE
	EndGlobalSection
	GlobalSection(ExtensibilityGlobals) = postSolution
		SolutionGuid = {91189D81-9370-4116-B946-A3A0034BF1E9}
	EndGlobalSection
	GlobalSection(SolutionConfigurationPlatforms) = preSolution
		Debug|Any CPU = Debug|Any CPU
		Debug|Default = Debug|Default
		Debug|x86 = Debug|x86
		Release|Any CPU = Release|Any CPU
		Release|Default = Release|Default
		Release|x86 = Release|x86
	EndGlobalSection
	GlobalSection(SolutionConfigurationPlatforms) = preSolution
		Debug|Any CPU = Debug|Any CPU
		Debug|Default = Debug|Default
		Debug|x86 = Debug|x86
		Release|Any CPU = Release|Any CPU
		Release|Default = Release|Default
		Release|x86 = Release|x86
	EndGlobalSection
	GlobalSection(SolutionConfigurationPlatforms) = preSolution
		Debug|Any CPU = Debug|Any CPU
		Debug|Default = Debug|Default
		Debug|x86 = Debug|x86
		Release|Any CPU = Release|Any CPU
		Release|Default = Release|Default
		Release|x86 = Release|x86
	EndGlobalSection
EndGlobal
